// !$*UTF8*$!
{
	archiveVersion = 1;
	classes = {
	};
	objectVersion = 50;
	objects = {

/* Begin PBXBuildFile section */
		D0973937214AAFA070B7E9CF /* Pods_IntroToRxSwift.framework in Frameworks */ = {isa = PBXBuildFile; fileRef = 378BA8375741FCB482A28305 /* Pods_IntroToRxSwift.framework */; };
		D7762CCD267ED75F00B179C1 /* AppDelegate.swift in Sources */ = {isa = PBXBuildFile; fileRef = D7762CCC267ED75F00B179C1 /* AppDelegate.swift */; };
		D7762CCF267ED75F00B179C1 /* SceneDelegate.swift in Sources */ = {isa = PBXBuildFile; fileRef = D7762CCE267ED75F00B179C1 /* SceneDelegate.swift */; };
		D7762CD1267ED75F00B179C1 /* ViewController.swift in Sources */ = {isa = PBXBuildFile; fileRef = D7762CD0267ED75F00B179C1 /* ViewController.swift */; };
		D7762CD4267ED75F00B179C1 /* Main.storyboard in Resources */ = {isa = PBXBuildFile; fileRef = D7762CD2267ED75F00B179C1 /* Main.storyboard */; };
		D7762CD7267ED75F00B179C1 /* IntroToRxSwift.xcdatamodeld in Sources */ = {isa = PBXBuildFile; fileRef = D7762CD5267ED75F00B179C1 /* IntroToRxSwift.xcdatamodeld */; };
		D7762CD9267ED76A00B179C1 /* Assets.xcassets in Resources */ = {isa = PBXBuildFile; fileRef = D7762CD8267ED76A00B179C1 /* Assets.xcassets */; };
		D7762CDC267ED76A00B179C1 /* LaunchScreen.storyboard in Resources */ = {isa = PBXBuildFile; fileRef = D7762CDA267ED76A00B179C1 /* LaunchScreen.storyboard */; };
/* End PBXBuildFile section */

/* Begin PBXFileReference section */
		378BA8375741FCB482A28305 /* Pods_IntroToRxSwift.framework */ = {isa = PBXFileReference; explicitFileType = wrapper.framework; includeInIndex = 0; path = Pods_IntroToRxSwift.framework; sourceTree = BUILT_PRODUCTS_DIR; };
		4CF0E5B61EC5EC10AAA82734 /* Pods-IntroToRxSwift.release.xcconfig */ = {isa = PBXFileReference; includeInIndex = 1; lastKnownFileType = text.xcconfig; name = "Pods-IntroToRxSwift.release.xcconfig"; path = "Target Support Files/Pods-IntroToRxSwift/Pods-IntroToRxSwift.release.xcconfig"; sourceTree = "<group>"; };
		96311538FB24D75C2CDC1B2A /* Pods-IntroToRxSwift.debug.xcconfig */ = {isa = PBXFileReference; includeInIndex = 1; lastKnownFileType = text.xcconfig; name = "Pods-IntroToRxSwift.debug.xcconfig"; path = "Target Support Files/Pods-IntroToRxSwift/Pods-IntroToRxSwift.debug.xcconfig"; sourceTree = "<group>"; };
		D7762CC9267ED75F00B179C1 /* IntroToRxSwift.app */ = {isa = PBXFileReference; explicitFileType = wrapper.application; includeInIndex = 0; path = IntroToRxSwift.app; sourceTree = BUILT_PRODUCTS_DIR; };
		D7762CCC267ED75F00B179C1 /* AppDelegate.swift */ = {isa = PBXFileReference; lastKnownFileType = sourcecode.swift; path = AppDelegate.swift; sourceTree = "<group>"; };
		D7762CCE267ED75F00B179C1 /* SceneDelegate.swift */ = {isa = PBXFileReference; lastKnownFileType = sourcecode.swift; path = SceneDelegate.swift; sourceTree = "<group>"; };
		D7762CD0267ED75F00B179C1 /* ViewController.swift */ = {isa = PBXFileReference; lastKnownFileType = sourcecode.swift; path = ViewController.swift; sourceTree = "<group>"; };
		D7762CD3267ED75F00B179C1 /* Base */ = {isa = PBXFileReference; lastKnownFileType = file.storyboard; name = Base; path = Base.lproj/Main.storyboard; sourceTree = "<group>"; };
		D7762CD6267ED75F00B179C1 /* IntroToRxSwift.xcdatamodel */ = {isa = PBXFileReference; lastKnownFileType = wrapper.xcdatamodel; path = IntroToRxSwift.xcdatamodel; sourceTree = "<group>"; };
		D7762CD8267ED76A00B179C1 /* Assets.xcassets */ = {isa = PBXFileReference; lastKnownFileType = folder.assetcatalog; path = Assets.xcassets; sourceTree = "<group>"; };
		D7762CDB267ED76A00B179C1 /* Base */ = {isa = PBXFileReference; lastKnownFileType = file.storyboard; name = Base; path = Base.lproj/LaunchScreen.storyboard; sourceTree = "<group>"; };
		D7762CDD267ED76A00B179C1 /* Info.plist */ = {isa = PBXFileReference; lastKnownFileType = text.plist.xml; path = Info.plist; sourceTree = "<group>"; };
/* End PBXFileReference section */

/* Begin PBXFrameworksBuildPhase section */
		D7762CC6267ED75F00B179C1 /* Frameworks */ = {
			isa = PBXFrameworksBuildPhase;
			buildActionMask = 2147483647;
			files = (
				D0973937214AAFA070B7E9CF /* Pods_IntroToRxSwift.framework in Frameworks */,
			);
			runOnlyForDeploymentPostprocessing = 0;
		};
/* End PBXFrameworksBuildPhase section */

/* Begin PBXGroup section */
		2641E6954F09917137EB8666 /* Frameworks */ = {
			isa = PBXGroup;
			children = (
				378BA8375741FCB482A28305 /* Pods_IntroToRxSwift.framework */,
			);
			name = Frameworks;
			sourceTree = "<group>";
		};
		36C73783301DA5EAE683D634 /* Pods */ = {
			isa = PBXGroup;
			children = (
				96311538FB24D75C2CDC1B2A /* Pods-IntroToRxSwift.debug.xcconfig */,
				4CF0E5B61EC5EC10AAA82734 /* Pods-IntroToRxSwift.release.xcconfig */,
			);
			name = Pods;
			path = Pods;
			sourceTree = "<group>";
		};
		D7762CC0267ED75F00B179C1 = {
			isa = PBXGroup;
			children = (
				D7762CCB267ED75F00B179C1 /* IntroToRxSwift */,
				D7762CCA267ED75F00B179C1 /* Products */,
				36C73783301DA5EAE683D634 /* Pods */,
				2641E6954F09917137EB8666 /* Frameworks */,
			);
			sourceTree = "<group>";
		};
		D7762CCA267ED75F00B179C1 /* Products */ = {
			isa = PBXGroup;
			children = (
				D7762CC9267ED75F00B179C1 /* IntroToRxSwift.app */,
			);
			name = Products;
			sourceTree = "<group>";
		};
		D7762CCB267ED75F00B179C1 /* IntroToRxSwift */ = {
			isa = PBXGroup;
			children = (
				D7762CCC267ED75F00B179C1 /* AppDelegate.swift */,
				D7762CCE267ED75F00B179C1 /* SceneDelegate.swift */,
				D7762CD0267ED75F00B179C1 /* ViewController.swift */,
				D7762CD2267ED75F00B179C1 /* Main.storyboard */,
				D7762CD8267ED76A00B179C1 /* Assets.xcassets */,
				D7762CDA267ED76A00B179C1 /* LaunchScreen.storyboard */,
				D7762CDD267ED76A00B179C1 /* Info.plist */,
				D7762CD5267ED75F00B179C1 /* IntroToRxSwift.xcdatamodeld */,
			);
			path = IntroToRxSwift;
			sourceTree = "<group>";
		};
/* End PBXGroup section */

/* Begin PBXNativeTarget section */
		D7762CC8267ED75F00B179C1 /* IntroToRxSwift */ = {
			isa = PBXNativeTarget;
			buildConfigurationList = D7762CE0267ED76A00B179C1 /* Build configuration list for PBXNativeTarget "IntroToRxSwift" */;
			buildPhases = (
				3E32F410D5380D3AA437180C /* [CP] Check Pods Manifest.lock */,
				D7762CC5267ED75F00B179C1 /* Sources */,
				D7762CC6267ED75F00B179C1 /* Frameworks */,
				D7762CC7267ED75F00B179C1 /* Resources */,
				9A2538E6AF81067CCF5C9824 /* [CP] Embed Pods Frameworks */,
			);
			buildRules = (
			);
			dependencies = (
			);
			name = IntroToRxSwift;
			productName = IntroToRxSwift;
			productReference = D7762CC9267ED75F00B179C1 /* IntroToRxSwift.app */;
			productType = "com.apple.product-type.application";
		};
/* End PBXNativeTarget section */

/* Begin PBXProject section */
		D7762CC1267ED75F00B179C1 /* Project object */ = {
			isa = PBXProject;
			attributes = {
				LastSwiftUpdateCheck = 1230;
				LastUpgradeCheck = 1230;
				TargetAttributes = {
					D7762CC8267ED75F00B179C1 = {
						CreatedOnToolsVersion = 12.3;
					};
				};
			};
			buildConfigurationList = D7762CC4267ED75F00B179C1 /* Build configuration list for PBXProject "IntroToRxSwift" */;
			compatibilityVersion = "Xcode 9.3";
			developmentRegion = en;
			hasScannedForEncodings = 0;
			knownRegions = (
				en,
				Base,
			);
			mainGroup = D7762CC0267ED75F00B179C1;
			productRefGroup = D7762CCA267ED75F00B179C1 /* Products */;
			projectDirPath = "";
			projectRoot = "";
			targets = (
				D7762CC8267ED75F00B179C1 /* IntroToRxSwift */,
			);
		};
/* End PBXProject section */

/* Begin PBXResourcesBuildPhase section */
		D7762CC7267ED75F00B179C1 /* Resources */ = {
			isa = PBXResourcesBuildPhase;
			buildActionMask = 2147483647;
			files = (
				D7762CDC267ED76A00B179C1 /* LaunchScreen.storyboard in Resources */,
				D7762CD9267ED76A00B179C1 /* Assets.xcassets in Resources */,
				D7762CD4267ED75F00B179C1 /* Main.storyboard in Resources */,
			);
			runOnlyForDeploymentPostprocessing = 0;
		};
/* End PBXResourcesBuildPhase section */

/* Begin PBXShellScriptBuildPhase section */
		3E32F410D5380D3AA437180C /* [CP] Check Pods Manifest.lock */ = {
			isa = PBXShellScriptBuildPhase;
			buildActionMask = 2147483647;
			files = (
			);
			inputFileListPaths = (
			);
			inputPaths = (
				"${PODS_PODFILE_DIR_PATH}/Podfile.lock",
				"${PODS_ROOT}/Manifest.lock",
			);
			name = "[CP] Check Pods Manifest.lock";
			outputFileListPaths = (
			);
			outputPaths = (
				"$(DERIVED_FILE_DIR)/Pods-IntroToRxSwift-checkManifestLockResult.txt",
			);
			runOnlyForDeploymentPostprocessing = 0;
			shellPath = /bin/sh;
			shellScript = "diff \"${PODS_PODFILE_DIR_PATH}/Podfile.lock\" \"${PODS_ROOT}/Manifest.lock\" > /dev/null\nif [ $? != 0 ] ; then\n    # print error to STDERR\n    echo \"error: The sandbox is not in sync with the Podfile.lock. Run 'pod install' or update your CocoaPods installation.\" >&2\n    exit 1\nfi\n# This output is used by Xcode 'outputs' to avoid re-running this script phase.\necho \"SUCCESS\" > \"${SCRIPT_OUTPUT_FILE_0}\"\n";
			showEnvVarsInLog = 0;
		};
		9A2538E6AF81067CCF5C9824 /* [CP] Embed Pods Frameworks */ = {
			isa = PBXShellScriptBuildPhase;
			buildActionMask = 2147483647;
			files = (
			);
			inputFileListPaths = (
				"${PODS_ROOT}/Target Support Files/Pods-IntroToRxSwift/Pods-IntroToRxSwift-frameworks-${CONFIGURATION}-input-files.xcfilelist",
			);
			name = "[CP] Embed Pods Frameworks";
			outputFileListPaths = (
				"${PODS_ROOT}/Target Support Files/Pods-IntroToRxSwift/Pods-IntroToRxSwift-frameworks-${CONFIGURATION}-output-files.xcfilelist",
			);
			runOnlyForDeploymentPostprocessing = 0;
			shellPath = /bin/sh;
			shellScript = "\"${PODS_ROOT}/Target Support Files/Pods-IntroToRxSwift/Pods-IntroToRxSwift-frameworks.sh\"\n";
			showEnvVarsInLog = 0;
		};
/* End PBXShellScriptBuildPhase section */

/* Begin PBXSourcesBuildPhase section */
		D7762CC5267ED75F00B179C1 /* Sources */ = {
			isa = PBXSourcesBuildPhase;
			buildActionMask = 2147483647;
			files = (
				D7762CD1267ED75F00B179C1 /* ViewController.swift in Sources */,
				D7762CD7267ED75F00B179C1 /* IntroToRxSwift.xcdatamodeld in Sources */,
				D7762CCD267ED75F00B179C1 /* AppDelegate.swift in Sources */,
				D7762CCF267ED75F00B179C1 /* SceneDelegate.swift in Sources */,
			);
			runOnlyForDeploymentPostprocessing = 0;
		};
/* End PBXSourcesBuildPhase section */

/* Begin PBXVariantGroup section */
		D7762CD2267ED75F00B179C1 /* Main.storyboard */ = {
			isa = PBXVariantGroup;
			children = (
				D7762CD3267ED75F00B179C1 /* Base */,
			);
			name = Main.storyboard;
			sourceTree = "<group>";
		};
		D7762CDA267ED76A00B179C1 /* LaunchScreen.storyboard */ = {
			isa = PBXVariantGroup;
			children = (
				D7762CDB267ED76A00B179C1 /* Base */,
			);
			name = LaunchScreen.storyboard;
			sourceTree = "<group>";
		};
/* End PBXVariantGroup section */

/* Begin XCBuildConfiguration section */
		D7762CDE267ED76A00B179C1 /* Debug */ = {
			isa = XCBuildConfiguration;
			buildSettings = {
				ALWAYS_SEARCH_USER_PATHS = NO;
				CLANG_ANALYZER_NONNULL = YES;
				CLANG_ANALYZER_NUMBER_OBJECT_CONVERSION = YES_AGGRESSIVE;
				CLANG_CXX_LANGUAGE_STANDARD = "gnu++14";
				CLANG_CXX_LIBRARY = "libc++";
				CLANG_ENABLE_MODULES = YES;
				CLANG_ENABLE_OBJC_ARC = YES;
				CLANG_ENABLE_OBJC_WEAK = YES;
				CLANG_WARN_BLOCK_CAPTURE_AUTORELEASING = YES;
				CLANG_WARN_BOOL_CONVERSION = YES;
				CLANG_WARN_COMMA = YES;
				CLANG_WARN_CONSTANT_CONVERSION = YES;
				CLANG_WARN_DEPRECATED_OBJC_IMPLEMENTATIONS = YES;
				CLANG_WARN_DIRECT_OBJC_ISA_USAGE = YES_ERROR;
				CLANG_WARN_DOCUMENTATION_COMMENTS = YES;
				CLANG_WARN_EMPTY_BODY = YES;
				CLANG_WARN_ENUM_CONVERSION = YES;
				CLANG_WARN_INFINITE_RECURSION = YES;
				CLANG_WARN_INT_CONVERSION = YES;
				CLANG_WARN_NON_LITERAL_NULL_CONVERSION = YES;
				CLANG_WARN_OBJC_IMPLICIT_RETAIN_SELF = YES;
				CLANG_WARN_OBJC_LITERAL_CONVERSION = YES;
				CLANG_WARN_OBJC_ROOT_CLASS = YES_ERROR;
				CLANG_WARN_QUOTED_INCLUDE_IN_FRAMEWORK_HEADER = YES;
				CLANG_WARN_RANGE_LOOP_ANALYSIS = YES;
				CLANG_WARN_STRICT_PROTOTYPES = YES;
				CLANG_WARN_SUSPICIOUS_MOVE = YES;
				CLANG_WARN_UNGUARDED_AVAILABILITY = YES_AGGRESSIVE;
				CLANG_WARN_UNREACHABLE_CODE = YES;
				CLANG_WARN__DUPLICATE_METHOD_MATCH = YES;
				COPY_PHASE_STRIP = NO;
				DEBUG_INFORMATION_FORMAT = dwarf;
				ENABLE_STRICT_OBJC_MSGSEND = YES;
				ENABLE_TESTABILITY = YES;
				GCC_C_LANGUAGE_STANDARD = gnu11;
				GCC_DYNAMIC_NO_PIC = NO;
				GCC_NO_COMMON_BLOCKS = YES;
				GCC_OPTIMIZATION_LEVEL = 0;
				GCC_PREPROCESSOR_DEFINITIONS = (
					"DEBUG=1",
					"$(inherited)",
				);
				GCC_WARN_64_TO_32_BIT_CONVERSION = YES;
				GCC_WARN_ABOUT_RETURN_TYPE = YES_ERROR;
				GCC_WARN_UNDECLARED_SELECTOR = YES;
				GCC_WARN_UNINITIALIZED_AUTOS = YES_AGGRESSIVE;
				GCC_WARN_UNUSED_FUNCTION = YES;
				GCC_WARN_UNUSED_VARIABLE = YES;
				IPHONEOS_DEPLOYMENT_TARGET = 14.3;
				MTL_ENABLE_DEBUG_INFO = INCLUDE_SOURCE;
				MTL_FAST_MATH = YES;
				ONLY_ACTIVE_ARCH = YES;
				SDKROOT = iphoneos;
				SWIFT_ACTIVE_COMPILATION_CONDITIONS = DEBUG;
				SWIFT_OPTIMIZATION_LEVEL = "-Onone";
			};
			name = Debug;
		};
		D7762CDF267ED76A00B179C1 /* Release */ = {
			isa = XCBuildConfiguration;
			buildSettings = {
				ALWAYS_SEARCH_USER_PATHS = NO;
				CLANG_ANALYZER_NONNULL = YES;
				CLANG_ANALYZER_NUMBER_OBJECT_CONVERSION = YES_AGGRESSIVE;
				CLANG_CXX_LANGUAGE_STANDARD = "gnu++14";
				CLANG_CXX_LIBRARY = "libc++";
				CLANG_ENABLE_MODULES = YES;
				CLANG_ENABLE_OBJC_ARC = YES;
				CLANG_ENABLE_OBJC_WEAK = YES;
				CLANG_WARN_BLOCK_CAPTURE_AUTORELEASING = YES;
				CLANG_WARN_BOOL_CONVERSION = YES;
				CLANG_WARN_COMMA = YES;
				CLANG_WARN_CONSTANT_CONVERSION = YES;
				CLANG_WARN_DEPRECATED_OBJC_IMPLEMENTATIONS = YES;
				CLANG_WARN_DIRECT_OBJC_ISA_USAGE = YES_ERROR;
				CLANG_WARN_DOCUMENTATION_COMMENTS = YES;
				CLANG_WARN_EMPTY_BODY = YES;
				CLANG_WARN_ENUM_CONVERSION = YES;
				CLANG_WARN_INFINITE_RECURSION = YES;
				CLANG_WARN_INT_CONVERSION = YES;
				CLANG_WARN_NON_LITERAL_NULL_CONVERSION = YES;
				CLANG_WARN_OBJC_IMPLICIT_RETAIN_SELF = YES;
				CLANG_WARN_OBJC_LITERAL_CONVERSION = YES;
				CLANG_WARN_OBJC_ROOT_CLASS = YES_ERROR;
				CLANG_WARN_QUOTED_INCLUDE_IN_FRAMEWORK_HEADER = YES;
				CLANG_WARN_RANGE_LOOP_ANALYSIS = YES;
				CLANG_WARN_STRICT_PROTOTYPES = YES;
				CLANG_WARN_SUSPICIOUS_MOVE = YES;
				CLANG_WARN_UNGUARDED_AVAILABILITY = YES_AGGRESSIVE;
				CLANG_WARN_UNREACHABLE_CODE = YES;
				CLANG_WARN__DUPLICATE_METHOD_MATCH = YES;
				COPY_PHASE_STRIP = NO;
				DEBUG_INFORMATION_FORMAT = "dwarf-with-dsym";
				ENABLE_NS_ASSERTIONS = NO;
				ENABLE_STRICT_OBJC_MSGSEND = YES;
				GCC_C_LANGUAGE_STANDARD = gnu11;
				GCC_NO_COMMON_BLOCKS = YES;
				GCC_WARN_64_TO_32_BIT_CONVERSION = YES;
				GCC_WARN_ABOUT_RETURN_TYPE = YES_ERROR;
				GCC_WARN_UNDECLARED_SELECTOR = YES;
				GCC_WARN_UNINITIALIZED_AUTOS = YES_AGGRESSIVE;
				GCC_WARN_UNUSED_FUNCTION = YES;
				GCC_WARN_UNUSED_VARIABLE = YES;
				IPHONEOS_DEPLOYMENT_TARGET = 14.3;
				MTL_ENABLE_DEBUG_INFO = NO;
				MTL_FAST_MATH = YES;
				SDKROOT = iphoneos;
				SWIFT_COMPILATION_MODE = wholemodule;
				SWIFT_OPTIMIZATION_LEVEL = "-O";
				VALIDATE_PRODUCT = YES;
			};
			name = Release;
		};
		D7762CE1267ED76A00B179C1 /* Debug */ = {
			isa = XCBuildConfiguration;
			baseConfigurationReference = 96311538FB24D75C2CDC1B2A /* Pods-IntroToRxSwift.debug.xcconfig */;
			buildSettings = {
				ASSETCATALOG_COMPILER_APPICON_NAME = AppIcon;
				ASSETCATALOG_COMPILER_GLOBAL_ACCENT_COLOR_NAME = AccentColor;
				CODE_SIGN_STYLE = Automatic;
				INFOPLIST_FILE = IntroToRxSwift/Info.plist;
				LD_RUNPATH_SEARCH_PATHS = (
					"$(inherited)",
					"@executable_path/Frameworks",
				);
				PRODUCT_BUNDLE_IDENTIFIER = com.wafuwafuudemy.IntroToRxSwift;
				PRODUCT_NAME = "$(TARGET_NAME)";
				SWIFT_VERSION = 5.0;
				TARGETED_DEVICE_FAMILY = "1,2";
			};
			name = Debug;
		};
		D7762CE2267ED76A00B179C1 /* Release */ = {
			isa = XCBuildConfiguration;
			baseConfigurationReference = 4CF0E5B61EC5EC10AAA82734 /* Pods-IntroToRxSwift.release.xcconfig */;
			buildSettings = {
				ASSETCATALOG_COMPILER_APPICON_NAME = AppIcon;
				ASSETCATALOG_COMPILER_GLOBAL_ACCENT_COLOR_NAME = AccentColor;
				CODE_SIGN_STYLE = Automatic;
				INFOPLIST_FILE = IntroToRxSwift/Info.plist;
				LD_RUNPATH_SEARCH_PATHS = (
					"$(inherited)",
					"@executable_path/Frameworks",
				);
				PRODUCT_BUNDLE_IDENTIFIER = com.wafuwafuudemy.IntroToRxSwift;
				PRODUCT_NAME = "$(TARGET_NAME)";
				SWIFT_VERSION = 5.0;
				TARGETED_DEVICE_FAMILY = "1,2";
			};
			name = Release;
		};
/* End XCBuildConfiguration section */

/* Begin XCConfigurationList section */
		D7762CC4267ED75F00B179C1 /* Build configuration list for PBXProject "IntroToRxSwift" */ = {
			isa = XCConfigurationList;
			buildConfigurations = (
				D7762CDE267ED76A00B179C1 /* Debug */,
				D7762CDF267ED76A00B179C1 /* Release */,
			);
			defaultConfigurationIsVisible = 0;
			defaultConfigurationName = Release;
		};
		D7762CE0267ED76A00B179C1 /* Build configuration list for PBXNativeTarget "IntroToRxSwift" */ = {
			isa = XCConfigurationList;
			buildConfigurations = (
				D7762CE1267ED76A00B179C1 /* Debug */,
				D7762CE2267ED76A00B179C1 /* Release */,
			);
			defaultConfigurationIsVisible = 0;
			defaultConfigurationName = Release;
		};
/* End XCConfigurationList section */

/* Begin XCVersionGroup section */
		D7762CD5267ED75F00B179C1 /* IntroToRxSwift.xcdatamodeld */ = {
			isa = XCVersionGroup;
			children = (
				D7762CD6267ED75F00B179C1 /* IntroToRxSwift.xcdatamodel */,
			);
			currentVersion = D7762CD6267ED75F00B179C1 /* IntroToRxSwift.xcdatamodel */;
			path = IntroToRxSwift.xcdatamodeld;
			sourceTree = "<group>";
			versionGroupType = wrapper.xcdatamodel;
		};
/* End XCVersionGroup section */
	};
	rootObject = D7762CC1267ED75F00B179C1 /* Project object */;
}
